
Microsoft Visual Studio Solution File, Format Version 12.00
# Visual Studio Version 17
VisualStudioVersion = 17.14.36908.2 d17.14
MinimumVisualStudioVersion = 10.0.40219.1
Project("{FAE04EC0-301F-11D3-BF4B-00C04F79EFBC}") = "EstruturaDoWhile", "EstruturaDoWhile\EstruturaDoWhile.csproj", "{6797D8D5-88CE-4B1F-B124-0D191D62FE84}"
EndProject
Global
	GlobalSection(SolutionConfigurationPlatforms) = preSolution
		Debug|Any CPU = Debug|Any CPU
		Release|Any CPU = Release|Any CPU
	EndGlobalSection
	GlobalSection(ProjectConfigurationPlatforms) = postSolution
		{6797D8D5-88CE-4B1F-B124-0D191D62FE84}.Debug|Any CPU.ActiveCfg = Debug|Any CPU
		{6797D8D5-88CE-4B1F-B124-0D191D62FE84}.Debug|Any CPU.Build.0 = Debug|Any CPU
		{6797D8D5-88CE-4B1F-B124-0D191D62FE84}.Release|Any CPU.ActiveCfg = Release|Any CPU
		{6797D8D5-88CE-4B1F-B124-0D191D62FE84}.Release|Any CPU.Build.0 = Release|Any CPU
	EndGlobalSection
	GlobalSection(SolutionProperties) = preSolution
		HideSolutionNode = FALSE
	EndGlobalSection
	GlobalSection(ExtensibilityGlobals) = postSolution
		SolutionGuid = {D9FA6555-2898-4ABD-B58A-DD46C69E36B6}
	EndGlobalSection
EndGlobal
