
Microsoft Visual Studio Solution File, Format Version 12.00
# Visual Studio Version 17
VisualStudioVersion = 17.14.36908.2 d17.14
MinimumVisualStudioVersion = 10.0.40219.1
Project("{FAE04EC0-301F-11D3-BF4B-00C04F79EFBC}") = "EstruturaWhile", "EstruturaWhile\EstruturaWhile.csproj", "{C445427A-2746-45A9-A9E9-70F90B15E947}"
EndProject
Global
	GlobalSection(SolutionConfigurationPlatforms) = preSolution
		Debug|Any CPU = Debug|Any CPU
		Release|Any CPU = Release|Any CPU
	EndGlobalSection
	GlobalSection(ProjectConfigurationPlatforms) = postSolution
		{C445427A-2746-45A9-A9E9-70F90B15E947}.Debug|Any CPU.ActiveCfg = Debug|Any CPU
		{C445427A-2746-45A9-A9E9-70F90B15E947}.Debug|Any CPU.Build.0 = Debug|Any CPU
		{C445427A-2746-45A9-A9E9-70F90B15E947}.Release|Any CPU.ActiveCfg = Release|Any CPU
		{C445427A-2746-45A9-A9E9-70F90B15E947}.Release|Any CPU.Build.0 = Release|Any CPU
	EndGlobalSection
	GlobalSection(SolutionProperties) = preSolution
		HideSolutionNode = FALSE
	EndGlobalSection
	GlobalSection(ExtensibilityGlobals) = postSolution
		SolutionGuid = {8377B6AC-11E7-4D07-B79B-47B756B2E219}
	EndGlobalSection
EndGlobal
