
Microsoft Visual Studio Solution File, Format Version 12.00
# Visual Studio Version 17
VisualStudioVersion = 17.14.36908.2 d17.14
MinimumVisualStudioVersion = 10.0.40219.1
Project("{FAE04EC0-301F-11D3-BF4B-00C04F79EFBC}") = "atividadeum", "atividadeum\atividadeum.csproj", "{5762162A-2DC3-4016-9B29-D9F7B00302B1}"
EndProject
Global
	GlobalSection(SolutionConfigurationPlatforms) = preSolution
		Debug|Any CPU = Debug|Any CPU
		Release|Any CPU = Release|Any CPU
	EndGlobalSection
	GlobalSection(ProjectConfigurationPlatforms) = postSolution
		{5762162A-2DC3-4016-9B29-D9F7B00302B1}.Debug|Any CPU.ActiveCfg = Debug|Any CPU
		{5762162A-2DC3-4016-9B29-D9F7B00302B1}.Debug|Any CPU.Build.0 = Debug|Any CPU
		{5762162A-2DC3-4016-9B29-D9F7B00302B1}.Release|Any CPU.ActiveCfg = Release|Any CPU
		{5762162A-2DC3-4016-9B29-D9F7B00302B1}.Release|Any CPU.Build.0 = Release|Any CPU
	EndGlobalSection
	GlobalSection(SolutionProperties) = preSolution
		HideSolutionNode = FALSE
	EndGlobalSection
	GlobalSection(ExtensibilityGlobals) = postSolution
		SolutionGuid = {E8A930DB-BC9E-473B-8A0F-515A6081E650}
	EndGlobalSection
EndGlobal
