
Microsoft Visual Studio Solution File, Format Version 12.00
# Visual Studio Version 17
VisualStudioVersion = 17.14.36908.2 d17.14
MinimumVisualStudioVersion = 10.0.40219.1
Project("{FAE04EC0-301F-11D3-BF4B-00C04F79EFBC}") = "atividadeseis", "atividadeseis\atividadeseis.csproj", "{32FED07C-E41D-4926-932C-C1105BAC9986}"
EndProject
Global
	GlobalSection(SolutionConfigurationPlatforms) = preSolution
		Debug|Any CPU = Debug|Any CPU
		Release|Any CPU = Release|Any CPU
	EndGlobalSection
	GlobalSection(ProjectConfigurationPlatforms) = postSolution
		{32FED07C-E41D-4926-932C-C1105BAC9986}.Debug|Any CPU.ActiveCfg = Debug|Any CPU
		{32FED07C-E41D-4926-932C-C1105BAC9986}.Debug|Any CPU.Build.0 = Debug|Any CPU
		{32FED07C-E41D-4926-932C-C1105BAC9986}.Release|Any CPU.ActiveCfg = Release|Any CPU
		{32FED07C-E41D-4926-932C-C1105BAC9986}.Release|Any CPU.Build.0 = Release|Any CPU
	EndGlobalSection
	GlobalSection(SolutionProperties) = preSolution
		HideSolutionNode = FALSE
	EndGlobalSection
	GlobalSection(ExtensibilityGlobals) = postSolution
		SolutionGuid = {0E66DF1C-2242-4CFE-A7A2-297CE9E0410E}
	EndGlobalSection
EndGlobal
