
Microsoft Visual Studio Solution File, Format Version 12.00
# Visual Studio Version 17
VisualStudioVersion = 17.14.36908.2 d17.14
MinimumVisualStudioVersion = 10.0.40219.1
Project("{FAE04EC0-301F-11D3-BF4B-00C04F79EFBC}") = "fichan3_ex3", "fichan3_ex3\fichan3_ex3.csproj", "{45A5483B-FFB6-40D2-AD4F-8DE144585631}"
EndProject
Global
	GlobalSection(SolutionConfigurationPlatforms) = preSolution
		Debug|Any CPU = Debug|Any CPU
		Release|Any CPU = Release|Any CPU
	EndGlobalSection
	GlobalSection(ProjectConfigurationPlatforms) = postSolution
		{45A5483B-FFB6-40D2-AD4F-8DE144585631}.Debug|Any CPU.ActiveCfg = Debug|Any CPU
		{45A5483B-FFB6-40D2-AD4F-8DE144585631}.Debug|Any CPU.Build.0 = Debug|Any CPU
		{45A5483B-FFB6-40D2-AD4F-8DE144585631}.Release|Any CPU.ActiveCfg = Release|Any CPU
		{45A5483B-FFB6-40D2-AD4F-8DE144585631}.Release|Any CPU.Build.0 = Release|Any CPU
	EndGlobalSection
	GlobalSection(SolutionProperties) = preSolution
		HideSolutionNode = FALSE
	EndGlobalSection
	GlobalSection(ExtensibilityGlobals) = postSolution
		SolutionGuid = {629E4721-671D-4D9A-90BD-60646EC6DD95}
	EndGlobalSection
EndGlobal
