
Microsoft Visual Studio Solution File, Format Version 12.00
# Visual Studio Version 17
VisualStudioVersion = 17.14.36908.2 d17.14
MinimumVisualStudioVersion = 10.0.40219.1
Project("{FAE04EC0-301F-11D3-BF4B-00C04F79EFBC}") = "fichan5_ex5", "fichan5_ex5\fichan5_ex5.csproj", "{11D2E55F-5988-4001-A2ED-C329BCA2CFFE}"
EndProject
Global
	GlobalSection(SolutionConfigurationPlatforms) = preSolution
		Debug|Any CPU = Debug|Any CPU
		Release|Any CPU = Release|Any CPU
	EndGlobalSection
	GlobalSection(ProjectConfigurationPlatforms) = postSolution
		{11D2E55F-5988-4001-A2ED-C329BCA2CFFE}.Debug|Any CPU.ActiveCfg = Debug|Any CPU
		{11D2E55F-5988-4001-A2ED-C329BCA2CFFE}.Debug|Any CPU.Build.0 = Debug|Any CPU
		{11D2E55F-5988-4001-A2ED-C329BCA2CFFE}.Release|Any CPU.ActiveCfg = Release|Any CPU
		{11D2E55F-5988-4001-A2ED-C329BCA2CFFE}.Release|Any CPU.Build.0 = Release|Any CPU
	EndGlobalSection
	GlobalSection(SolutionProperties) = preSolution
		HideSolutionNode = FALSE
	EndGlobalSection
	GlobalSection(ExtensibilityGlobals) = postSolution
		SolutionGuid = {0690A94A-090E-4C6A-9B4D-01EE068D3338}
	EndGlobalSection
EndGlobal
