
Microsoft Visual Studio Solution File, Format Version 12.00
# Visual Studio Version 17
VisualStudioVersion = 17.14.36908.2 d17.14
MinimumVisualStudioVersion = 10.0.40219.1
Project("{FAE04EC0-301F-11D3-BF4B-00C04F79EFBC}") = "fichham6_ex6", "fichham6_ex6\fichham6_ex6.csproj", "{0A1F3B71-65E5-4618-8FC2-2389CAB048C5}"
EndProject
Global
	GlobalSection(SolutionConfigurationPlatforms) = preSolution
		Debug|Any CPU = Debug|Any CPU
		Release|Any CPU = Release|Any CPU
	EndGlobalSection
	GlobalSection(ProjectConfigurationPlatforms) = postSolution
		{0A1F3B71-65E5-4618-8FC2-2389CAB048C5}.Debug|Any CPU.ActiveCfg = Debug|Any CPU
		{0A1F3B71-65E5-4618-8FC2-2389CAB048C5}.Debug|Any CPU.Build.0 = Debug|Any CPU
		{0A1F3B71-65E5-4618-8FC2-2389CAB048C5}.Release|Any CPU.ActiveCfg = Release|Any CPU
		{0A1F3B71-65E5-4618-8FC2-2389CAB048C5}.Release|Any CPU.Build.0 = Release|Any CPU
	EndGlobalSection
	GlobalSection(SolutionProperties) = preSolution
		HideSolutionNode = FALSE
	EndGlobalSection
	GlobalSection(ExtensibilityGlobals) = postSolution
		SolutionGuid = {3BF9EF39-1D33-473F-AA9D-C44BB424DA7E}
	EndGlobalSection
EndGlobal
