
Microsoft Visual Studio Solution File, Format Version 12.00
# Visual Studio Version 17
VisualStudioVersion = 17.14.36908.2 d17.14
MinimumVisualStudioVersion = 10.0.40219.1
Project("{FAE04EC0-301F-11D3-BF4B-00C04F79EFBC}") = "condicao", "condicao\condicao.csproj", "{AE9D3444-4F3C-4257-A4A4-EB0ADAF6820A}"
EndProject
Global
	GlobalSection(SolutionConfigurationPlatforms) = preSolution
		Debug|Any CPU = Debug|Any CPU
		Release|Any CPU = Release|Any CPU
	EndGlobalSection
	GlobalSection(ProjectConfigurationPlatforms) = postSolution
		{AE9D3444-4F3C-4257-A4A4-EB0ADAF6820A}.Debug|Any CPU.ActiveCfg = Debug|Any CPU
		{AE9D3444-4F3C-4257-A4A4-EB0ADAF6820A}.Debug|Any CPU.Build.0 = Debug|Any CPU
		{AE9D3444-4F3C-4257-A4A4-EB0ADAF6820A}.Release|Any CPU.ActiveCfg = Release|Any CPU
		{AE9D3444-4F3C-4257-A4A4-EB0ADAF6820A}.Release|Any CPU.Build.0 = Release|Any CPU
	EndGlobalSection
	GlobalSection(SolutionProperties) = preSolution
		HideSolutionNode = FALSE
	EndGlobalSection
	GlobalSection(ExtensibilityGlobals) = postSolution
		SolutionGuid = {E9C28FE4-F875-4740-B95D-70DE4F1EDB0C}
	EndGlobalSection
EndGlobal
