
Microsoft Visual Studio Solution File, Format Version 12.00
# Visual Studio Version 17
VisualStudioVersion = 17.14.36908.2 d17.14
MinimumVisualStudioVersion = 10.0.40219.1
Project("{FAE04EC0-301F-11D3-BF4B-00C04F79EFBC}") = "fichan4_ex4", "fichan4_ex4\fichan4_ex4.csproj", "{03D3AA0E-7D96-45D5-A9B6-321F14641810}"
EndProject
Global
	GlobalSection(SolutionConfigurationPlatforms) = preSolution
		Debug|Any CPU = Debug|Any CPU
		Release|Any CPU = Release|Any CPU
	EndGlobalSection
	GlobalSection(ProjectConfigurationPlatforms) = postSolution
		{03D3AA0E-7D96-45D5-A9B6-321F14641810}.Debug|Any CPU.ActiveCfg = Debug|Any CPU
		{03D3AA0E-7D96-45D5-A9B6-321F14641810}.Debug|Any CPU.Build.0 = Debug|Any CPU
		{03D3AA0E-7D96-45D5-A9B6-321F14641810}.Release|Any CPU.ActiveCfg = Release|Any CPU
		{03D3AA0E-7D96-45D5-A9B6-321F14641810}.Release|Any CPU.Build.0 = Release|Any CPU
	EndGlobalSection
	GlobalSection(SolutionProperties) = preSolution
		HideSolutionNode = FALSE
	EndGlobalSection
	GlobalSection(ExtensibilityGlobals) = postSolution
		SolutionGuid = {00CA5F6D-CB92-4CE8-BFDE-A19E6E490767}
	EndGlobalSection
EndGlobal
